
Microsoft Visual Studio Solution File, Format Version 12.00
# Visual Studio 15
VisualStudioVersion = 15.0.28307.779
MinimumVisualStudioVersion = 10.0.40219.1
Project("{FAE04EC0-301F-11D3-BF4B-00C04F79EFBC}") = "Lab2B", "Lab2B\Lab2B.csproj", "{3234D4A0-72A1-48D0-81DD-5347E0748BB0}"
EndProject
Global
	GlobalSection(SolutionConfigurationPlatforms) = preSolution
		Debug|Any CPU = Debug|Any CPU
		Release|Any CPU = Release|Any CPU
	EndGlobalSection
	GlobalSection(ProjectConfigurationPlatforms) = postSolution
		{3234D4A0-72A1-48D0-81DD-5347E0748BB0}.Debug|Any CPU.ActiveCfg = Debug|Any CPU
		{3234D4A0-72A1-48D0-81DD-5347E0748BB0}.Debug|Any CPU.Build.0 = Debug|Any CPU
		{3234D4A0-72A1-48D0-81DD-5347E0748BB0}.Release|Any CPU.ActiveCfg = Release|Any CPU
		{3234D4A0-72A1-48D0-81DD-5347E0748BB0}.Release|Any CPU.Build.0 = Release|Any CPU
	EndGlobalSection
	GlobalSection(SolutionProperties) = preSolution
		HideSolutionNode = FALSE
	EndGlobalSection
	GlobalSection(ExtensibilityGlobals) = postSolution
		SolutionGuid = {899D1836-979C-4E79-BF36-A3989DADDFCE}
	EndGlobalSection
EndGlobal
