
Microsoft Visual Studio Solution File, Format Version 12.00
# Visual Studio 2012
Project("{FAE04EC0-301F-11D3-BF4B-00C04F79EFBC}") = "Sorting", "Sorting\Sorting.csproj", "{C4919B4C-4F24-447F-B5F1-5BC0B98AEE4B}"
EndProject
Global
	GlobalSection(SolutionConfigurationPlatforms) = preSolution
		Debug|Any CPU = Debug|Any CPU
		Release|Any CPU = Release|Any CPU
	EndGlobalSection
	GlobalSection(ProjectConfigurationPlatforms) = postSolution
		{C4919B4C-4F24-447F-B5F1-5BC0B98AEE4B}.Debug|Any CPU.ActiveCfg = Debug|Any CPU
		{C4919B4C-4F24-447F-B5F1-5BC0B98AEE4B}.Debug|Any CPU.Build.0 = Debug|Any CPU
		{C4919B4C-4F24-447F-B5F1-5BC0B98AEE4B}.Release|Any CPU.ActiveCfg = Release|Any CPU
		{C4919B4C-4F24-447F-B5F1-5BC0B98AEE4B}.Release|Any CPU.Build.0 = Release|Any CPU
	EndGlobalSection
	GlobalSection(SolutionProperties) = preSolution
		HideSolutionNode = FALSE
	EndGlobalSection
EndGlobal
