
Microsoft Visual Studio Solution File, Format Version 12.00
# Visual Studio Version 16
VisualStudioVersion = 16.0.31019.35
MinimumVisualStudioVersion = 10.0.40219.1
Project("{FAE04EC0-301F-11D3-BF4B-00C04F79EFBC}") = "HttpListenerClassExample", "HttpListenerClassExample\HttpListenerClassExample.csproj", "{18E27950-4C8A-4DD1-A6D0-81B2B7805B49}"
EndProject
Global
	GlobalSection(SolutionConfigurationPlatforms) = preSolution
		Debug|Any CPU = Debug|Any CPU
		Release|Any CPU = Release|Any CPU
	EndGlobalSection
	GlobalSection(ProjectConfigurationPlatforms) = postSolution
		{18E27950-4C8A-4DD1-A6D0-81B2B7805B49}.Debug|Any CPU.ActiveCfg = Debug|Any CPU
		{18E27950-4C8A-4DD1-A6D0-81B2B7805B49}.Debug|Any CPU.Build.0 = Debug|Any CPU
		{18E27950-4C8A-4DD1-A6D0-81B2B7805B49}.Release|Any CPU.ActiveCfg = Release|Any CPU
		{18E27950-4C8A-4DD1-A6D0-81B2B7805B49}.Release|Any CPU.Build.0 = Release|Any CPU
	EndGlobalSection
	GlobalSection(SolutionProperties) = preSolution
		HideSolutionNode = FALSE
	EndGlobalSection
	GlobalSection(ExtensibilityGlobals) = postSolution
		SolutionGuid = {C05C1007-3283-48CA-9DF9-A9AB3E795914}
	EndGlobalSection
EndGlobal
