
Microsoft Visual Studio Solution File, Format Version 12.00
# Visual Studio 15
VisualStudioVersion = 15.0.28307.779
MinimumVisualStudioVersion = 10.0.40219.1
Project("{FAE04EC0-301F-11D3-BF4B-00C04F79EFBC}") = "Lab4a", "Lab4a\Lab4a.csproj", "{A62AD229-0227-4E00-A911-53819675F085}"
EndProject
Project("{FAE04EC0-301F-11D3-BF4B-00C04F79EFBC}") = "Lab4b", "Lab4b\Lab4b.csproj", "{828AF701-58EA-44EE-AA43-D9CF9C8E70C8}"
EndProject
Global
	GlobalSection(SolutionConfigurationPlatforms) = preSolution
		Debug|Any CPU = Debug|Any CPU
		Release|Any CPU = Release|Any CPU
	EndGlobalSection
	GlobalSection(ProjectConfigurationPlatforms) = postSolution
		{A62AD229-0227-4E00-A911-53819675F085}.Debug|Any CPU.ActiveCfg = Debug|Any CPU
		{A62AD229-0227-4E00-A911-53819675F085}.Debug|Any CPU.Build.0 = Debug|Any CPU
		{A62AD229-0227-4E00-A911-53819675F085}.Release|Any CPU.ActiveCfg = Release|Any CPU
		{A62AD229-0227-4E00-A911-53819675F085}.Release|Any CPU.Build.0 = Release|Any CPU
		{828AF701-58EA-44EE-AA43-D9CF9C8E70C8}.Debug|Any CPU.ActiveCfg = Debug|Any CPU
		{828AF701-58EA-44EE-AA43-D9CF9C8E70C8}.Debug|Any CPU.Build.0 = Debug|Any CPU
		{828AF701-58EA-44EE-AA43-D9CF9C8E70C8}.Release|Any CPU.ActiveCfg = Release|Any CPU
		{828AF701-58EA-44EE-AA43-D9CF9C8E70C8}.Release|Any CPU.Build.0 = Release|Any CPU
	EndGlobalSection
	GlobalSection(SolutionProperties) = preSolution
		HideSolutionNode = FALSE
	EndGlobalSection
	GlobalSection(ExtensibilityGlobals) = postSolution
		SolutionGuid = {B55241F5-8D5D-4C6D-A90A-078A525F8BF5}
	EndGlobalSection
EndGlobal
